
Microsoft Visual Studio Solution File, Format Version 12.00
# Visual Studio Version 17
VisualStudioVersion = 17.9.34728.123
MinimumVisualStudioVersion = 10.0.40219.1
Project("{FAE04EC0-301F-11D3-BF4B-00C04F79EFBC}") = "MyApiProject", "MyApiProject\MyApiProject.csproj", "{15906D09-ACDF-49A0-B98D-5E29CD0681EC}"
EndProject
Global
	GlobalSection(SolutionConfigurationPlatforms) = preSolution
		Debug|Any CPU = Debug|Any CPU
		Release|Any CPU = Release|Any CPU
	EndGlobalSection
	GlobalSection(ProjectConfigurationPlatforms) = postSolution
		{15906D09-ACDF-49A0-B98D-5E29CD0681EC}.Debug|Any CPU.ActiveCfg = Debug|Any CPU
		{15906D09-ACDF-49A0-B98D-5E29CD0681EC}.Debug|Any CPU.Build.0 = Debug|Any CPU
		{15906D09-ACDF-49A0-B98D-5E29CD0681EC}.Release|Any CPU.ActiveCfg = Release|Any CPU
		{15906D09-ACDF-49A0-B98D-5E29CD0681EC}.Release|Any CPU.Build.0 = Release|Any CPU
	EndGlobalSection
	GlobalSection(SolutionProperties) = preSolution
		HideSolutionNode = FALSE
	EndGlobalSection
	GlobalSection(ExtensibilityGlobals) = postSolution
		SolutionGuid = {BD206566-B61E-4019-85B5-E7F96ABCBA78}
	EndGlobalSection
EndGlobal
